# This file is autogenerated, do not edit; changes may be undone by the next 'dep ensure'.


[[projects]]
  name = "github.com/jaypipes/pcidb"
  packages = ["."]
  revision = "49e68a8beb0c155efb2db43bea4b354ec4843ff1"
  version = "0.5.0"

[[projects]]
  branch = "master"
  name = "github.com/lxc/lxd"
  packages = ["lxd/resources","shared/api","shared/units"]
  revision = "be4c194bb1d06bcd4b3dcc0fc51ff9d5f6dcb078"

[[projects]]
  name = "github.com/mitchellh/go-homedir"
  packages = ["."]
  revision = "af06845cf3004701891bf4fdb884bfe4920b3727"
  version = "v1.1.0"

[[projects]]
  name = "github.com/pkg/errors"
  packages = ["."]
  revision = "ba968bfe8b2f7e042a574c888954fccecfa385b4"
  version = "v0.8.1"

[[projects]]
  branch = "master"
  name = "golang.org/x/sys"
  packages = ["unix"]
  revision = "ef33b2fb2c414dca4bfcf6ca59cbd1d9ad00703d"

[solve-meta]
  analyzer-name = "dep"
  analyzer-version = 1
  inputs-digest = "7f25d8f5bc1be56f6a6879dbdbf84f79b78428e70d5f20bd06e07ab0e54d83fb"
  solver-name = "gps-cdcl"
  solver-version = 1
