# This file is autogenerated, do not edit; changes may be undone by the next 'dep ensure'.


[[projects]]
  name = "github.com/flosch/pongo2"
  packages = ["."]
  revision = "5e81b817a0c48c1c57cdf1a9056cf76bdee02ca9"
  version = "v3.0"

[[projects]]
  name = "github.com/gorilla/websocket"
  packages = ["."]
  revision = "b65e62901fc1c0d968042419e74789f6af455eb9"
  version = "v1.4.2"

[[projects]]
  name = "github.com/jaypipes/pcidb"
  packages = ["."]
  revision = "49e68a8beb0c155efb2db43bea4b354ec4843ff1"
  version = "0.5.0"

[[projects]]
  name = "github.com/juju/errors"
  packages = ["."]
  revision = "3fe23663418fc1d724868c84f21b7519bbac7441"

[[projects]]
  branch = "master"
  name = "github.com/lxc/lxd"
  packages = ["lxd/resources","shared","shared/api","shared/cancel","shared/ioprogress","shared/logger","shared/osarch","shared/units","shared/usbid","shared/version"]
  revision = "6c2d0d039346d2e2b524e1b9bd207be182abe0a6"

[[projects]]
  name = "github.com/mitchellh/go-homedir"
  packages = ["."]
  revision = "af06845cf3004701891bf4fdb884bfe4920b3727"
  version = "v1.1.0"

[[projects]]
  name = "github.com/pkg/errors"
  packages = ["."]
  revision = "ba968bfe8b2f7e042a574c888954fccecfa385b4"
  version = "v0.8.1"

[[projects]]
  branch = "master"
  name = "golang.org/x/sys"
  packages = ["unix","windows"]
  revision = "b09406accb4736d857a32bf9444cd7edae2ffa79"

[[projects]]
  branch = "v2"
  name = "gopkg.in/robfig/cron.v2"
  packages = ["."]
  revision = "be2e0b0deed5a68ffee390b4583a13aff8321535"

[solve-meta]
  analyzer-name = "dep"
  analyzer-version = 1
  inputs-digest = "7f25d8f5bc1be56f6a6879dbdbf84f79b78428e70d5f20bd06e07ab0e54d83fb"
  solver-name = "gps-cdcl"
  solver-version = 1
